
Microsoft Visual Studio Solution File, Format Version 12.00
# Visual Studio Version 17
VisualStudioVersion = 17.13.35806.99
MinimumVisualStudioVersion = 10.0.40219.1
Project("{FAE04EC0-301F-11D3-BF4B-00C04F79EFBC}") = "LawFirmManagementSystem.Presentation", "LawFirmManagementSystem.Presentation\LawFirmManagementSystem.Presentation.csproj", "{2994CAF1-0C4E-4739-A1E6-729FCB1D1D78}"
EndProject
Project("{FAE04EC0-301F-11D3-BF4B-00C04F79EFBC}") = "LawFirmManagementSystem.Data", "LawFirmManagementSystem.Data\LawFirmManagementSystem.Data.csproj", "{8DA6C9D0-796A-4376-9A96-CB6DC04847E3}"
EndProject
Project("{FAE04EC0-301F-11D3-BF4B-00C04F79EFBC}") = "LawFirmManagementSystem.Business", "LawFirmManagementSystem.Business\LawFirmManagementSystem.Business.csproj", "{4721A64D-806B-4C50-B135-BF2A50D89BD6}"
EndProject
Global
	GlobalSection(SolutionConfigurationPlatforms) = preSolution
		Debug|Any CPU = Debug|Any CPU
		Release|Any CPU = Release|Any CPU
	EndGlobalSection
	GlobalSection(ProjectConfigurationPlatforms) = postSolution
		{2994CAF1-0C4E-4739-A1E6-729FCB1D1D78}.Debug|Any CPU.ActiveCfg = Debug|Any CPU
		{2994CAF1-0C4E-4739-A1E6-729FCB1D1D78}.Debug|Any CPU.Build.0 = Debug|Any CPU
		{2994CAF1-0C4E-4739-A1E6-729FCB1D1D78}.Release|Any CPU.ActiveCfg = Release|Any CPU
		{2994CAF1-0C4E-4739-A1E6-729FCB1D1D78}.Release|Any CPU.Build.0 = Release|Any CPU
		{8DA6C9D0-796A-4376-9A96-CB6DC04847E3}.Debug|Any CPU.ActiveCfg = Debug|Any CPU
		{8DA6C9D0-796A-4376-9A96-CB6DC04847E3}.Debug|Any CPU.Build.0 = Debug|Any CPU
		{8DA6C9D0-796A-4376-9A96-CB6DC04847E3}.Release|Any CPU.ActiveCfg = Release|Any CPU
		{8DA6C9D0-796A-4376-9A96-CB6DC04847E3}.Release|Any CPU.Build.0 = Release|Any CPU
		{4721A64D-806B-4C50-B135-BF2A50D89BD6}.Debug|Any CPU.ActiveCfg = Debug|Any CPU
		{4721A64D-806B-4C50-B135-BF2A50D89BD6}.Debug|Any CPU.Build.0 = Debug|Any CPU
		{4721A64D-806B-4C50-B135-BF2A50D89BD6}.Release|Any CPU.ActiveCfg = Release|Any CPU
		{4721A64D-806B-4C50-B135-BF2A50D89BD6}.Release|Any CPU.Build.0 = Release|Any CPU
	EndGlobalSection
	GlobalSection(SolutionProperties) = preSolution
		HideSolutionNode = FALSE
	EndGlobalSection
	GlobalSection(ExtensibilityGlobals) = postSolution
		SolutionGuid = {B7485558-EDE0-499B-AE7A-828D2445391D}
	EndGlobalSection
EndGlobal
